
Microsoft Visual Studio Solution File, Format Version 12.00
# Visual Studio Version 17
VisualStudioVersion = 17.3.32922.545
MinimumVisualStudioVersion = 10.0.40219.1
Project("{9A19103F-16F7-4668-BE54-9A1E7A4F7556}") = "GeneralCargoSystem.DataAccessLayer", "GeneralCargoSystem.DataAccessLayer.csproj", "{39B845B6-8701-4892-8E06-DB9025D92573}"
EndProject
Global
	GlobalSection(SolutionConfigurationPlatforms) = preSolution
		Debug|Any CPU = Debug|Any CPU
		Release|Any CPU = Release|Any CPU
	EndGlobalSection
	GlobalSection(ProjectConfigurationPlatforms) = postSolution
		{39B845B6-8701-4892-8E06-DB9025D92573}.Debug|Any CPU.ActiveCfg = Debug|Any CPU
		{39B845B6-8701-4892-8E06-DB9025D92573}.Debug|Any CPU.Build.0 = Debug|Any CPU
		{39B845B6-8701-4892-8E06-DB9025D92573}.Release|Any CPU.ActiveCfg = Release|Any CPU
		{39B845B6-8701-4892-8E06-DB9025D92573}.Release|Any CPU.Build.0 = Release|Any CPU
	EndGlobalSection
	GlobalSection(SolutionProperties) = preSolution
		HideSolutionNode = FALSE
	EndGlobalSection
	GlobalSection(ExtensibilityGlobals) = postSolution
		SolutionGuid = {0AF53571-339B-448B-8982-1C53F12A7963}
	EndGlobalSection
EndGlobal
